
Microsoft Visual Studio Solution File, Format Version 12.00
# Visual Studio Version 16
VisualStudioVersion = 16.0.29613.14
MinimumVisualStudioVersion = 10.0.40219.1
Project("{FAE04EC0-301F-11D3-BF4B-00C04F79EFBC}") = "ShortUrl", "ShortUrl\ShortUrl.csproj", "{30BD18EA-51B9-42C6-B75A-09E2AAF21A7C}"
EndProject
Project("{FAE04EC0-301F-11D3-BF4B-00C04F79EFBC}") = "ShortUrl.Core", "ShortUrl.Core\ShortUrl.Core.csproj", "{17C1DC72-F109-407E-85A5-C43E35A3FC68}"
EndProject
Project("{FAE04EC0-301F-11D3-BF4B-00C04F79EFBC}") = "ShortUrl.CMD", "ShortUrl.CMD\ShortUrl.CMD.csproj", "{BFEB05EB-823F-4EEC-977E-7F496FEB15BC}"
EndProject
Global
	GlobalSection(SolutionConfigurationPlatforms) = preSolution
		Debug|Any CPU = Debug|Any CPU
		Release|Any CPU = Release|Any CPU
	EndGlobalSection
	GlobalSection(ProjectConfigurationPlatforms) = postSolution
		{30BD18EA-51B9-42C6-B75A-09E2AAF21A7C}.Debug|Any CPU.ActiveCfg = Debug|Any CPU
		{30BD18EA-51B9-42C6-B75A-09E2AAF21A7C}.Debug|Any CPU.Build.0 = Debug|Any CPU
		{30BD18EA-51B9-42C6-B75A-09E2AAF21A7C}.Release|Any CPU.ActiveCfg = Release|Any CPU
		{30BD18EA-51B9-42C6-B75A-09E2AAF21A7C}.Release|Any CPU.Build.0 = Release|Any CPU
		{17C1DC72-F109-407E-85A5-C43E35A3FC68}.Debug|Any CPU.ActiveCfg = Debug|Any CPU
		{17C1DC72-F109-407E-85A5-C43E35A3FC68}.Debug|Any CPU.Build.0 = Debug|Any CPU
		{17C1DC72-F109-407E-85A5-C43E35A3FC68}.Release|Any CPU.ActiveCfg = Release|Any CPU
		{17C1DC72-F109-407E-85A5-C43E35A3FC68}.Release|Any CPU.Build.0 = Release|Any CPU
		{BFEB05EB-823F-4EEC-977E-7F496FEB15BC}.Debug|Any CPU.ActiveCfg = Debug|Any CPU
		{BFEB05EB-823F-4EEC-977E-7F496FEB15BC}.Debug|Any CPU.Build.0 = Debug|Any CPU
		{BFEB05EB-823F-4EEC-977E-7F496FEB15BC}.Release|Any CPU.ActiveCfg = Release|Any CPU
		{BFEB05EB-823F-4EEC-977E-7F496FEB15BC}.Release|Any CPU.Build.0 = Release|Any CPU
	EndGlobalSection
	GlobalSection(SolutionProperties) = preSolution
		HideSolutionNode = FALSE
	EndGlobalSection
	GlobalSection(ExtensibilityGlobals) = postSolution
		SolutionGuid = {C34CE94C-B16C-4387-A59F-016439A3CA8B}
	EndGlobalSection
EndGlobal
